
Microsoft Visual Studio Solution File, Format Version 12.00
Project("{FAE04EC0-301F-11D3-BF4B-00C04F79EFBC}") = "PdfQuetsche", "PdfQuetsche\PdfQuetsche.csproj", "{4D9EEE12-1C4F-4794-931B-1E689E8C43E9}"
EndProject
Project("{FAE04EC0-301F-11D3-BF4B-00C04F79EFBC}") = "PdfQuetsche.Tests", "PdfQuetsche.Tests\PdfQuetsche.Tests.csproj", "{D43BEE19-FE7F-40C9-A6CC-AF7E38B7A736}"
EndProject
Global
	GlobalSection(SolutionConfigurationPlatforms) = preSolution
		Debug|Any CPU = Debug|Any CPU
		Release|Any CPU = Release|Any CPU
	EndGlobalSection
	GlobalSection(ProjectConfigurationPlatforms) = postSolution
		{4D9EEE12-1C4F-4794-931B-1E689E8C43E9}.Debug|Any CPU.ActiveCfg = Debug|Any CPU
		{4D9EEE12-1C4F-4794-931B-1E689E8C43E9}.Debug|Any CPU.Build.0 = Debug|Any CPU
		{4D9EEE12-1C4F-4794-931B-1E689E8C43E9}.Release|Any CPU.ActiveCfg = Release|Any CPU
		{4D9EEE12-1C4F-4794-931B-1E689E8C43E9}.Release|Any CPU.Build.0 = Release|Any CPU
		{D43BEE19-FE7F-40C9-A6CC-AF7E38B7A736}.Debug|Any CPU.ActiveCfg = Debug|Any CPU
		{D43BEE19-FE7F-40C9-A6CC-AF7E38B7A736}.Debug|Any CPU.Build.0 = Debug|Any CPU
		{D43BEE19-FE7F-40C9-A6CC-AF7E38B7A736}.Release|Any CPU.ActiveCfg = Release|Any CPU
		{D43BEE19-FE7F-40C9-A6CC-AF7E38B7A736}.Release|Any CPU.Build.0 = Release|Any CPU
	EndGlobalSection
EndGlobal
